
Microsoft Visual Studio Solution File, Format Version 12.00
# Visual Studio Version 17
VisualStudioVersion = 17.5.33516.290
MinimumVisualStudioVersion = 10.0.40219.1
Project("{FAE04EC0-301F-11D3-BF4B-00C04F79EFBC}") = "Group_8_Final_Project", "Group_8_Final_Project.csproj", "{1D38844F-FE74-4817-A3FF-5FA7614A535B}"
EndProject
Global
	GlobalSection(SolutionConfigurationPlatforms) = preSolution
		Debug|Any CPU = Debug|Any CPU
		Release|Any CPU = Release|Any CPU
	EndGlobalSection
	GlobalSection(ProjectConfigurationPlatforms) = postSolution
		{1D38844F-FE74-4817-A3FF-5FA7614A535B}.Debug|Any CPU.ActiveCfg = Debug|Any CPU
		{1D38844F-FE74-4817-A3FF-5FA7614A535B}.Debug|Any CPU.Build.0 = Debug|Any CPU
		{1D38844F-FE74-4817-A3FF-5FA7614A535B}.Release|Any CPU.ActiveCfg = Release|Any CPU
		{1D38844F-FE74-4817-A3FF-5FA7614A535B}.Release|Any CPU.Build.0 = Release|Any CPU
	EndGlobalSection
	GlobalSection(SolutionProperties) = preSolution
		HideSolutionNode = FALSE
	EndGlobalSection
	GlobalSection(ExtensibilityGlobals) = postSolution
		SolutionGuid = {557A9973-EFE1-40DA-8329-8FE178DAA69E}
	EndGlobalSection
EndGlobal
